<?xml version="1.0" encoding="UTF-8"?>
<!DOCTYPE plist PUBLIC "-//Apple//DTD PLIST 1.0//EN" "http://www.apple.com/DTDs/PropertyList-1.0.dtd">
<plist version="1.0">
<dict>
	<key>archiveVersion</key>
	<string>1</string>
	<key>classes</key>
	<dict/>
	<key>objectVersion</key>
	<string>46</string>
	<key>objects</key>
	<dict>
		<key>08EFFA48523F480FA009F47C</key>
		<dict>
			<key>fileRef</key>
			<string>D2050EE334C34283851216AC</string>
			<key>isa</key>
			<string>PBXBuildFile</string>
		</dict>
		<key>22A5DAA11793A30800AD6E43</key>
		<dict>
			<key>children</key>
			<array>
				<string>22A5DAB31793A30800AD6E43</string>
				<string>22A5DAD01793A30900AD6E43</string>
				<string>22A5DAAC1793A30800AD6E43</string>
				<string>22A5DAAB1793A30800AD6E43</string>
				<string>D7B64FE6F42C4DAE8451792B</string>
				<string>88FB03488322428AADE86041</string>
			</array>
			<key>isa</key>
			<string>PBXGroup</string>
			<key>sourceTree</key>
			<string>&lt;group&gt;</string>
		</dict>
		<key>22A5DAA21793A30800AD6E43</key>
		<dict>
			<key>attributes</key>
			<dict>
				<key>CLASSPREFIX</key>
				<string>SH</string>
				<key>LastUpgradeCheck</key>
				<string>0460</string>
				<key>ORGANIZATIONNAME</key>
				<string>Seivan Heidari</string>
			</dict>
			<key>buildConfigurationList</key>
			<string>22A5DAA51793A30800AD6E43</string>
			<key>compatibilityVersion</key>
			<string>Xcode 3.2</string>
			<key>developmentRegion</key>
			<string>English</string>
			<key>hasScannedForEncodings</key>
			<string>0</string>
			<key>isa</key>
			<string>PBXProject</string>
			<key>knownRegions</key>
			<array>
				<string>en</string>
			</array>
			<key>mainGroup</key>
			<string>22A5DAA11793A30800AD6E43</string>
			<key>productRefGroup</key>
			<string>22A5DAAB1793A30800AD6E43</string>
			<key>projectDirPath</key>
			<string></string>
			<key>projectReferences</key>
			<array/>
			<key>projectRoot</key>
			<string></string>
			<key>targets</key>
			<array>
				<string>22A5DAA91793A30800AD6E43</string>
				<string>22A5DAC91793A30900AD6E43</string>
			</array>
		</dict>
		<key>22A5DAA51793A30800AD6E43</key>
		<dict>
			<key>buildConfigurations</key>
			<array>
				<string>22A5DAD91793A30900AD6E43</string>
				<string>22A5DADA1793A30900AD6E43</string>
			</array>
			<key>defaultConfigurationIsVisible</key>
			<string>0</string>
			<key>defaultConfigurationName</key>
			<string>Release</string>
			<key>isa</key>
			<string>XCConfigurationList</string>
		</dict>
		<key>22A5DAA61793A30800AD6E43</key>
		<dict>
			<key>buildActionMask</key>
			<string>2147483647</string>
			<key>files</key>
			<array>
				<string>22A5DABA1793A30800AD6E43</string>
				<string>22A5DAC11793A30800AD6E43</string>
			</array>
			<key>isa</key>
			<string>PBXSourcesBuildPhase</string>
			<key>runOnlyForDeploymentPostprocessing</key>
			<string>0</string>
		</dict>
		<key>22A5DAA71793A30800AD6E43</key>
		<dict>
			<key>buildActionMask</key>
			<string>2147483647</string>
			<key>files</key>
			<array>
				<string>22A5DAAE1793A30800AD6E43</string>
				<string>D147EAD64893494F82C56796</string>
			</array>
			<key>isa</key>
			<string>PBXFrameworksBuildPhase</string>
			<key>runOnlyForDeploymentPostprocessing</key>
			<string>0</string>
		</dict>
		<key>22A5DAA81793A30800AD6E43</key>
		<dict>
			<key>buildActionMask</key>
			<string>2147483647</string>
			<key>files</key>
			<array>
				<string>22A5DAB81793A30800AD6E43</string>
				<string>22A5DABE1793A30800AD6E43</string>
				<string>22A5DAC41793A30900AD6E43</string>
			</array>
			<key>isa</key>
			<string>PBXResourcesBuildPhase</string>
			<key>runOnlyForDeploymentPostprocessing</key>
			<string>0</string>
		</dict>
		<key>22A5DAA91793A30800AD6E43</key>
		<dict>
			<key>buildConfigurationList</key>
			<string>22A5DADB1793A30900AD6E43</string>
			<key>buildPhases</key>
			<array>
				<string>65033F20049749D1869AA6D3</string>
				<string>22A5DAA61793A30800AD6E43</string>
				<string>22A5DAA71793A30800AD6E43</string>
				<string>22A5DAA81793A30800AD6E43</string>
				<string>65A1087EFA924B27B521EC3A</string>
			</array>
			<key>buildRules</key>
			<array/>
			<key>dependencies</key>
			<array/>
			<key>isa</key>
			<string>PBXNativeTarget</string>
			<key>name</key>
			<string>Example</string>
			<key>productName</key>
			<string>Example</string>
			<key>productReference</key>
			<string>22A5DAAA1793A30800AD6E43</string>
			<key>productType</key>
			<string>com.apple.product-type.application</string>
		</dict>
		<key>22A5DAAA1793A30800AD6E43</key>
		<dict>
			<key>explicitFileType</key>
			<string>wrapper.application</string>
			<key>includeInIndex</key>
			<string>0</string>
			<key>isa</key>
			<string>PBXFileReference</string>
			<key>path</key>
			<string>Example.app</string>
			<key>sourceTree</key>
			<string>BUILT_PRODUCTS_DIR</string>
		</dict>
		<key>22A5DAAB1793A30800AD6E43</key>
		<dict>
			<key>children</key>
			<array>
				<string>22A5DAAA1793A30800AD6E43</string>
				<string>22A5DACA1793A30900AD6E43</string>
			</array>
			<key>isa</key>
			<string>PBXGroup</string>
			<key>name</key>
			<string>Products</string>
			<key>sourceTree</key>
			<string>&lt;group&gt;</string>
		</dict>
		<key>22A5DAAC1793A30800AD6E43</key>
		<dict>
			<key>children</key>
			<array>
				<string>22A5DAAD1793A30800AD6E43</string>
				<string>22A5DACB1793A30900AD6E43</string>
				<string>22A5DAAF1793A30800AD6E43</string>
				<string>31338839035B47748125E9B3</string>
				<string>D2050EE334C34283851216AC</string>
			</array>
			<key>isa</key>
			<string>PBXGroup</string>
			<key>name</key>
			<string>Frameworks</string>
			<key>sourceTree</key>
			<string>&lt;group&gt;</string>
		</dict>
		<key>22A5DAAD1793A30800AD6E43</key>
		<dict>
			<key>isa</key>
			<string>PBXFileReference</string>
			<key>lastKnownFileType</key>
			<string>wrapper.framework</string>
			<key>name</key>
			<string>Cocoa.framework</string>
			<key>path</key>
			<string>System/Library/Frameworks/Cocoa.framework</string>
			<key>sourceTree</key>
			<string>SDKROOT</string>
		</dict>
		<key>22A5DAAE1793A30800AD6E43</key>
		<dict>
			<key>fileRef</key>
			<string>22A5DAAD1793A30800AD6E43</string>
			<key>isa</key>
			<string>PBXBuildFile</string>
		</dict>
		<key>22A5DAAF1793A30800AD6E43</key>
		<dict>
			<key>children</key>
			<array>
				<string>22A5DAB01793A30800AD6E43</string>
				<string>22A5DAB11793A30800AD6E43</string>
				<string>22A5DAB21793A30800AD6E43</string>
			</array>
			<key>isa</key>
			<string>PBXGroup</string>
			<key>name</key>
			<string>Other Frameworks</string>
			<key>sourceTree</key>
			<string>&lt;group&gt;</string>
		</dict>
		<key>22A5DAB01793A30800AD6E43</key>
		<dict>
			<key>isa</key>
			<string>PBXFileReference</string>
			<key>lastKnownFileType</key>
			<string>wrapper.framework</string>
			<key>name</key>
			<string>AppKit.framework</string>
			<key>path</key>
			<string>System/Library/Frameworks/AppKit.framework</string>
			<key>sourceTree</key>
			<string>SDKROOT</string>
		</dict>
		<key>22A5DAB11793A30800AD6E43</key>
		<dict>
			<key>isa</key>
			<string>PBXFileReference</string>
			<key>lastKnownFileType</key>
			<string>wrapper.framework</string>
			<key>name</key>
			<string>CoreData.framework</string>
			<key>path</key>
			<string>System/Library/Frameworks/CoreData.framework</string>
			<key>sourceTree</key>
			<string>SDKROOT</string>
		</dict>
		<key>22A5DAB21793A30800AD6E43</key>
		<dict>
			<key>isa</key>
			<string>PBXFileReference</string>
			<key>lastKnownFileType</key>
			<string>wrapper.framework</string>
			<key>name</key>
			<string>Foundation.framework</string>
			<key>path</key>
			<string>System/Library/Frameworks/Foundation.framework</string>
			<key>sourceTree</key>
			<string>SDKROOT</string>
		</dict>
		<key>22A5DAB31793A30800AD6E43</key>
		<dict>
			<key>children</key>
			<array>
				<string>22A5DABF1793A30800AD6E43</string>
				<string>22A5DAC01793A30800AD6E43</string>
				<string>22A5DAC21793A30900AD6E43</string>
				<string>22A5DAB41793A30800AD6E43</string>
			</array>
			<key>isa</key>
			<string>PBXGroup</string>
			<key>path</key>
			<string>Example</string>
			<key>sourceTree</key>
			<string>&lt;group&gt;</string>
		</dict>
		<key>22A5DAB41793A30800AD6E43</key>
		<dict>
			<key>children</key>
			<array>
				<string>22A5DAB51793A30800AD6E43</string>
				<string>22A5DAB61793A30800AD6E43</string>
				<string>22A5DAB91793A30800AD6E43</string>
				<string>22A5DABB1793A30800AD6E43</string>
				<string>22A5DABC1793A30800AD6E43</string>
			</array>
			<key>isa</key>
			<string>PBXGroup</string>
			<key>name</key>
			<string>Supporting Files</string>
			<key>sourceTree</key>
			<string>&lt;group&gt;</string>
		</dict>
		<key>22A5DAB51793A30800AD6E43</key>
		<dict>
			<key>isa</key>
			<string>PBXFileReference</string>
			<key>lastKnownFileType</key>
			<string>text.plist.xml</string>
			<key>path</key>
			<string>Example-Info.plist</string>
			<key>sourceTree</key>
			<string>&lt;group&gt;</string>
		</dict>
		<key>22A5DAB61793A30800AD6E43</key>
		<dict>
			<key>children</key>
			<array>
				<string>22A5DAB71793A30800AD6E43</string>
			</array>
			<key>isa</key>
			<string>PBXVariantGroup</string>
			<key>name</key>
			<string>InfoPlist.strings</string>
			<key>sourceTree</key>
			<string>&lt;group&gt;</string>
		</dict>
		<key>22A5DAB71793A30800AD6E43</key>
		<dict>
			<key>isa</key>
			<string>PBXFileReference</string>
			<key>lastKnownFileType</key>
			<string>text.plist.strings</string>
			<key>name</key>
			<string>en</string>
			<key>path</key>
			<string>en.lproj/InfoPlist.strings</string>
			<key>sourceTree</key>
			<string>&lt;group&gt;</string>
		</dict>
		<key>22A5DAB81793A30800AD6E43</key>
		<dict>
			<key>fileRef</key>
			<string>22A5DAB61793A30800AD6E43</string>
			<key>isa</key>
			<string>PBXBuildFile</string>
		</dict>
		<key>22A5DAB91793A30800AD6E43</key>
		<dict>
			<key>isa</key>
			<string>PBXFileReference</string>
			<key>lastKnownFileType</key>
			<string>sourcecode.c.objc</string>
			<key>path</key>
			<string>main.m</string>
			<key>sourceTree</key>
			<string>&lt;group&gt;</string>
		</dict>
		<key>22A5DABA1793A30800AD6E43</key>
		<dict>
			<key>fileRef</key>
			<string>22A5DAB91793A30800AD6E43</string>
			<key>isa</key>
			<string>PBXBuildFile</string>
		</dict>
		<key>22A5DABB1793A30800AD6E43</key>
		<dict>
			<key>isa</key>
			<string>PBXFileReference</string>
			<key>lastKnownFileType</key>
			<string>sourcecode.c.h</string>
			<key>path</key>
			<string>Example-Prefix.pch</string>
			<key>sourceTree</key>
			<string>&lt;group&gt;</string>
		</dict>
		<key>22A5DABC1793A30800AD6E43</key>
		<dict>
			<key>children</key>
			<array>
				<string>22A5DABD1793A30800AD6E43</string>
			</array>
			<key>isa</key>
			<string>PBXVariantGroup</string>
			<key>name</key>
			<string>Credits.rtf</string>
			<key>sourceTree</key>
			<string>&lt;group&gt;</string>
		</dict>
		<key>22A5DABD1793A30800AD6E43</key>
		<dict>
			<key>isa</key>
			<string>PBXFileReference</string>
			<key>lastKnownFileType</key>
			<string>text.rtf</string>
			<key>name</key>
			<string>en</string>
			<key>path</key>
			<string>en.lproj/Credits.rtf</string>
			<key>sourceTree</key>
			<string>&lt;group&gt;</string>
		</dict>
		<key>22A5DABE1793A30800AD6E43</key>
		<dict>
			<key>fileRef</key>
			<string>22A5DABC1793A30800AD6E43</string>
			<key>isa</key>
			<string>PBXBuildFile</string>
		</dict>
		<key>22A5DABF1793A30800AD6E43</key>
		<dict>
			<key>isa</key>
			<string>PBXFileReference</string>
			<key>lastKnownFileType</key>
			<string>sourcecode.c.h</string>
			<key>path</key>
			<string>SHAppDelegate.h</string>
			<key>sourceTree</key>
			<string>&lt;group&gt;</string>
		</dict>
		<key>22A5DAC01793A30800AD6E43</key>
		<dict>
			<key>isa</key>
			<string>PBXFileReference</string>
			<key>lastKnownFileType</key>
			<string>sourcecode.c.objc</string>
			<key>path</key>
			<string>SHAppDelegate.m</string>
			<key>sourceTree</key>
			<string>&lt;group&gt;</string>
		</dict>
		<key>22A5DAC11793A30800AD6E43</key>
		<dict>
			<key>fileRef</key>
			<string>22A5DAC01793A30800AD6E43</string>
			<key>isa</key>
			<string>PBXBuildFile</string>
		</dict>
		<key>22A5DAC21793A30900AD6E43</key>
		<dict>
			<key>children</key>
			<array>
				<string>22A5DAC31793A30900AD6E43</string>
			</array>
			<key>isa</key>
			<string>PBXVariantGroup</string>
			<key>name</key>
			<string>MainMenu.xib</string>
			<key>sourceTree</key>
			<string>&lt;group&gt;</string>
		</dict>
		<key>22A5DAC31793A30900AD6E43</key>
		<dict>
			<key>isa</key>
			<string>PBXFileReference</string>
			<key>lastKnownFileType</key>
			<string>file.xib</string>
			<key>name</key>
			<string>en</string>
			<key>path</key>
			<string>en.lproj/MainMenu.xib</string>
			<key>sourceTree</key>
			<string>&lt;group&gt;</string>
		</dict>
		<key>22A5DAC41793A30900AD6E43</key>
		<dict>
			<key>fileRef</key>
			<string>22A5DAC21793A30900AD6E43</string>
			<key>isa</key>
			<string>PBXBuildFile</string>
		</dict>
		<key>22A5DAC51793A30900AD6E43</key>
		<dict>
			<key>buildActionMask</key>
			<string>2147483647</string>
			<key>files</key>
			<array>
				<string>22A5DB0C179CBC7700AD6E43</string>
				<string>22A5DB1F179F19B500AD6E43</string>
				<string>22A5DB22179F85DF00AD6E43</string>
				<string>22A5DB2517A0B2D200AD6E43</string>
				<string>22A5DB2817A0E2EC00AD6E43</string>
				<string>22A5DB2B17A0E6C500AD6E43</string>
			</array>
			<key>isa</key>
			<string>PBXSourcesBuildPhase</string>
			<key>runOnlyForDeploymentPostprocessing</key>
			<string>0</string>
		</dict>
		<key>22A5DAC61793A30900AD6E43</key>
		<dict>
			<key>buildActionMask</key>
			<string>2147483647</string>
			<key>files</key>
			<array>
				<string>22A5DACC1793A30900AD6E43</string>
				<string>22A5DACD1793A30900AD6E43</string>
				<string>08EFFA48523F480FA009F47C</string>
			</array>
			<key>isa</key>
			<string>PBXFrameworksBuildPhase</string>
			<key>runOnlyForDeploymentPostprocessing</key>
			<string>0</string>
		</dict>
		<key>22A5DAC71793A30900AD6E43</key>
		<dict>
			<key>buildActionMask</key>
			<string>2147483647</string>
			<key>files</key>
			<array>
				<string>22A5DAD51793A30900AD6E43</string>
			</array>
			<key>isa</key>
			<string>PBXResourcesBuildPhase</string>
			<key>runOnlyForDeploymentPostprocessing</key>
			<string>0</string>
		</dict>
		<key>22A5DAC81793A30900AD6E43</key>
		<dict>
			<key>buildActionMask</key>
			<string>2147483647</string>
			<key>files</key>
			<array/>
			<key>inputPaths</key>
			<array/>
			<key>isa</key>
			<string>PBXShellScriptBuildPhase</string>
			<key>outputPaths</key>
			<array/>
			<key>runOnlyForDeploymentPostprocessing</key>
			<string>0</string>
			<key>shellPath</key>
			<string>/bin/sh</string>
			<key>shellScript</key>
			<string># Run the unit tests in this test bundle.
"${SYSTEM_DEVELOPER_DIR}/Tools/RunUnitTests"
</string>
		</dict>
		<key>22A5DAC91793A30900AD6E43</key>
		<dict>
			<key>buildConfigurationList</key>
			<string>22A5DADE1793A30900AD6E43</string>
			<key>buildPhases</key>
			<array>
				<string>834EDB8FECAB4A5283CF40CF</string>
				<string>22A5DAC51793A30900AD6E43</string>
				<string>22A5DAC61793A30900AD6E43</string>
				<string>22A5DAC71793A30900AD6E43</string>
				<string>22A5DAC81793A30900AD6E43</string>
				<string>7965E50B06854EAC9EBCBC01</string>
			</array>
			<key>buildRules</key>
			<array/>
			<key>dependencies</key>
			<array/>
			<key>isa</key>
			<string>PBXNativeTarget</string>
			<key>name</key>
			<string>ExampleTests</string>
			<key>productName</key>
			<string>ExampleTests</string>
			<key>productReference</key>
			<string>22A5DACA1793A30900AD6E43</string>
			<key>productType</key>
			<string>com.apple.product-type.bundle</string>
		</dict>
		<key>22A5DACA1793A30900AD6E43</key>
		<dict>
			<key>explicitFileType</key>
			<string>wrapper.cfbundle</string>
			<key>includeInIndex</key>
			<string>0</string>
			<key>isa</key>
			<string>PBXFileReference</string>
			<key>path</key>
			<string>ExampleTests.octest</string>
			<key>sourceTree</key>
			<string>BUILT_PRODUCTS_DIR</string>
		</dict>
		<key>22A5DACB1793A30900AD6E43</key>
		<dict>
			<key>isa</key>
			<string>PBXFileReference</string>
			<key>lastKnownFileType</key>
			<string>wrapper.framework</string>
			<key>name</key>
			<string>SenTestingKit.framework</string>
			<key>path</key>
			<string>Library/Frameworks/SenTestingKit.framework</string>
			<key>sourceTree</key>
			<string>DEVELOPER_DIR</string>
		</dict>
		<key>22A5DACC1793A30900AD6E43</key>
		<dict>
			<key>fileRef</key>
			<string>22A5DACB1793A30900AD6E43</string>
			<key>isa</key>
			<string>PBXBuildFile</string>
		</dict>
		<key>22A5DACD1793A30900AD6E43</key>
		<dict>
			<key>fileRef</key>
			<string>22A5DAAD1793A30800AD6E43</string>
			<key>isa</key>
			<string>PBXBuildFile</string>
		</dict>
		<key>22A5DAD01793A30900AD6E43</key>
		<dict>
			<key>children</key>
			<array>
				<string>22A5DB1C179D1DE400AD6E43</string>
				<string>22A5DB0B179CBC7700AD6E43</string>
				<string>22A5DB1E179F19B500AD6E43</string>
				<string>22A5DB21179F85DF00AD6E43</string>
				<string>22A5DB2417A0B2D100AD6E43</string>
				<string>22A5DB2717A0E2EC00AD6E43</string>
				<string>22A5DB2A17A0E6C500AD6E43</string>
				<string>22A5DAD11793A30900AD6E43</string>
			</array>
			<key>isa</key>
			<string>PBXGroup</string>
			<key>path</key>
			<string>ExampleTests</string>
			<key>sourceTree</key>
			<string>&lt;group&gt;</string>
		</dict>
		<key>22A5DAD11793A30900AD6E43</key>
		<dict>
			<key>children</key>
			<array>
				<string>22A5DAD21793A30900AD6E43</string>
				<string>22A5DAD31793A30900AD6E43</string>
			</array>
			<key>isa</key>
			<string>PBXGroup</string>
			<key>name</key>
			<string>Supporting Files</string>
			<key>sourceTree</key>
			<string>&lt;group&gt;</string>
		</dict>
		<key>22A5DAD21793A30900AD6E43</key>
		<dict>
			<key>isa</key>
			<string>PBXFileReference</string>
			<key>lastKnownFileType</key>
			<string>text.plist.xml</string>
			<key>path</key>
			<string>ExampleTests-Info.plist</string>
			<key>sourceTree</key>
			<string>&lt;group&gt;</string>
		</dict>
		<key>22A5DAD31793A30900AD6E43</key>
		<dict>
			<key>children</key>
			<array>
				<string>22A5DAD41793A30900AD6E43</string>
			</array>
			<key>isa</key>
			<string>PBXVariantGroup</string>
			<key>name</key>
			<string>InfoPlist.strings</string>
			<key>sourceTree</key>
			<string>&lt;group&gt;</string>
		</dict>
		<key>22A5DAD41793A30900AD6E43</key>
		<dict>
			<key>isa</key>
			<string>PBXFileReference</string>
			<key>lastKnownFileType</key>
			<string>text.plist.strings</string>
			<key>name</key>
			<string>en</string>
			<key>path</key>
			<string>en.lproj/InfoPlist.strings</string>
			<key>sourceTree</key>
			<string>&lt;group&gt;</string>
		</dict>
		<key>22A5DAD51793A30900AD6E43</key>
		<dict>
			<key>fileRef</key>
			<string>22A5DAD31793A30900AD6E43</string>
			<key>isa</key>
			<string>PBXBuildFile</string>
		</dict>
		<key>22A5DAD91793A30900AD6E43</key>
		<dict>
			<key>buildSettings</key>
			<dict>
				<key>ALWAYS_SEARCH_USER_PATHS</key>
				<string>NO</string>
				<key>ARCHS</key>
				<string>$(ARCHS_STANDARD_64_BIT)</string>
				<key>CLANG_CXX_LANGUAGE_STANDARD</key>
				<string>gnu++0x</string>
				<key>CLANG_CXX_LIBRARY</key>
				<string>libc++</string>
				<key>CLANG_ENABLE_OBJC_ARC</key>
				<string>YES</string>
				<key>CLANG_WARN_CONSTANT_CONVERSION</key>
				<string>YES</string>
				<key>CLANG_WARN_EMPTY_BODY</key>
				<string>YES</string>
				<key>CLANG_WARN_ENUM_CONVERSION</key>
				<string>YES</string>
				<key>CLANG_WARN_INT_CONVERSION</key>
				<string>YES</string>
				<key>CLANG_WARN__DUPLICATE_METHOD_MATCH</key>
				<string>YES</string>
				<key>COPY_PHASE_STRIP</key>
				<string>NO</string>
				<key>GCC_C_LANGUAGE_STANDARD</key>
				<string>gnu99</string>
				<key>GCC_DYNAMIC_NO_PIC</key>
				<string>NO</string>
				<key>GCC_ENABLE_OBJC_EXCEPTIONS</key>
				<string>YES</string>
				<key>GCC_OPTIMIZATION_LEVEL</key>
				<string>0</string>
				<key>GCC_PREPROCESSOR_DEFINITIONS</key>
				<array>
					<string>DEBUG=1</string>
					<string>$(inherited)</string>
				</array>
				<key>GCC_SYMBOLS_PRIVATE_EXTERN</key>
				<string>NO</string>
				<key>GCC_WARN_64_TO_32_BIT_CONVERSION</key>
				<string>YES</string>
				<key>GCC_WARN_ABOUT_RETURN_TYPE</key>
				<string>YES</string>
				<key>GCC_WARN_UNINITIALIZED_AUTOS</key>
				<string>YES</string>
				<key>GCC_WARN_UNUSED_VARIABLE</key>
				<string>YES</string>
				<key>MACOSX_DEPLOYMENT_TARGET</key>
				<string>10.8</string>
				<key>ONLY_ACTIVE_ARCH</key>
				<string>YES</string>
				<key>SDKROOT</key>
				<string>macosx</string>
			</dict>
			<key>isa</key>
			<string>XCBuildConfiguration</string>
			<key>name</key>
			<string>Debug</string>
		</dict>
		<key>22A5DADA1793A30900AD6E43</key>
		<dict>
			<key>buildSettings</key>
			<dict>
				<key>ALWAYS_SEARCH_USER_PATHS</key>
				<string>NO</string>
				<key>ARCHS</key>
				<string>$(ARCHS_STANDARD_64_BIT)</string>
				<key>CLANG_CXX_LANGUAGE_STANDARD</key>
				<string>gnu++0x</string>
				<key>CLANG_CXX_LIBRARY</key>
				<string>libc++</string>
				<key>CLANG_ENABLE_OBJC_ARC</key>
				<string>YES</string>
				<key>CLANG_WARN_CONSTANT_CONVERSION</key>
				<string>YES</string>
				<key>CLANG_WARN_EMPTY_BODY</key>
				<string>YES</string>
				<key>CLANG_WARN_ENUM_CONVERSION</key>
				<string>YES</string>
				<key>CLANG_WARN_INT_CONVERSION</key>
				<string>YES</string>
				<key>CLANG_WARN__DUPLICATE_METHOD_MATCH</key>
				<string>YES</string>
				<key>COPY_PHASE_STRIP</key>
				<string>YES</string>
				<key>DEBUG_INFORMATION_FORMAT</key>
				<string>dwarf-with-dsym</string>
				<key>GCC_C_LANGUAGE_STANDARD</key>
				<string>gnu99</string>
				<key>GCC_ENABLE_OBJC_EXCEPTIONS</key>
				<string>YES</string>
				<key>GCC_WARN_64_TO_32_BIT_CONVERSION</key>
				<string>YES</string>
				<key>GCC_WARN_ABOUT_RETURN_TYPE</key>
				<string>YES</string>
				<key>GCC_WARN_UNINITIALIZED_AUTOS</key>
				<string>YES</string>
				<key>GCC_WARN_UNUSED_VARIABLE</key>
				<string>YES</string>
				<key>MACOSX_DEPLOYMENT_TARGET</key>
				<string>10.8</string>
				<key>SDKROOT</key>
				<string>macosx</string>
			</dict>
			<key>isa</key>
			<string>XCBuildConfiguration</string>
			<key>name</key>
			<string>Release</string>
		</dict>
		<key>22A5DADB1793A30900AD6E43</key>
		<dict>
			<key>buildConfigurations</key>
			<array>
				<string>22A5DADC1793A30900AD6E43</string>
				<string>22A5DADD1793A30900AD6E43</string>
			</array>
			<key>defaultConfigurationIsVisible</key>
			<string>0</string>
			<key>defaultConfigurationName</key>
			<string>Release</string>
			<key>isa</key>
			<string>XCConfigurationList</string>
		</dict>
		<key>22A5DADC1793A30900AD6E43</key>
		<dict>
			<key>baseConfigurationReference</key>
			<string>D7B64FE6F42C4DAE8451792B</string>
			<key>buildSettings</key>
			<dict>
				<key>COMBINE_HIDPI_IMAGES</key>
				<string>YES</string>
				<key>GCC_PRECOMPILE_PREFIX_HEADER</key>
				<string>YES</string>
				<key>GCC_PREFIX_HEADER</key>
				<string>Example/Example-Prefix.pch</string>
				<key>INFOPLIST_FILE</key>
				<string>Example/Example-Info.plist</string>
				<key>PRODUCT_NAME</key>
				<string>$(TARGET_NAME)</string>
				<key>WRAPPER_EXTENSION</key>
				<string>app</string>
			</dict>
			<key>isa</key>
			<string>XCBuildConfiguration</string>
			<key>name</key>
			<string>Debug</string>
		</dict>
		<key>22A5DADD1793A30900AD6E43</key>
		<dict>
			<key>baseConfigurationReference</key>
			<string>D7B64FE6F42C4DAE8451792B</string>
			<key>buildSettings</key>
			<dict>
				<key>COMBINE_HIDPI_IMAGES</key>
				<string>YES</string>
				<key>GCC_PRECOMPILE_PREFIX_HEADER</key>
				<string>YES</string>
				<key>GCC_PREFIX_HEADER</key>
				<string>Example/Example-Prefix.pch</string>
				<key>INFOPLIST_FILE</key>
				<string>Example/Example-Info.plist</string>
				<key>PRODUCT_NAME</key>
				<string>$(TARGET_NAME)</string>
				<key>WRAPPER_EXTENSION</key>
				<string>app</string>
			</dict>
			<key>isa</key>
			<string>XCBuildConfiguration</string>
			<key>name</key>
			<string>Release</string>
		</dict>
		<key>22A5DADE1793A30900AD6E43</key>
		<dict>
			<key>buildConfigurations</key>
			<array>
				<string>22A5DADF1793A30900AD6E43</string>
				<string>22A5DAE01793A30900AD6E43</string>
			</array>
			<key>defaultConfigurationIsVisible</key>
			<string>0</string>
			<key>defaultConfigurationName</key>
			<string>Release</string>
			<key>isa</key>
			<string>XCConfigurationList</string>
		</dict>
		<key>22A5DADF1793A30900AD6E43</key>
		<dict>
			<key>baseConfigurationReference</key>
			<string>88FB03488322428AADE86041</string>
			<key>buildSettings</key>
			<dict>
				<key>BUNDLE_LOADER</key>
				<string>$(BUILT_PRODUCTS_DIR)/Example.app/Contents/MacOS/Example</string>
				<key>COMBINE_HIDPI_IMAGES</key>
				<string>YES</string>
				<key>FRAMEWORK_SEARCH_PATHS</key>
				<string>"$(DEVELOPER_LIBRARY_DIR)/Frameworks"</string>
				<key>GCC_PRECOMPILE_PREFIX_HEADER</key>
				<string>YES</string>
				<key>GCC_PREFIX_HEADER</key>
				<string>Example/Example-Prefix.pch</string>
				<key>INFOPLIST_FILE</key>
				<string>ExampleTests/ExampleTests-Info.plist</string>
				<key>PRODUCT_NAME</key>
				<string>$(TARGET_NAME)</string>
				<key>TEST_HOST</key>
				<string>$(BUNDLE_LOADER)</string>
				<key>WRAPPER_EXTENSION</key>
				<string>octest</string>
			</dict>
			<key>isa</key>
			<string>XCBuildConfiguration</string>
			<key>name</key>
			<string>Debug</string>
		</dict>
		<key>22A5DAE01793A30900AD6E43</key>
		<dict>
			<key>baseConfigurationReference</key>
			<string>88FB03488322428AADE86041</string>
			<key>buildSettings</key>
			<dict>
				<key>BUNDLE_LOADER</key>
				<string>$(BUILT_PRODUCTS_DIR)/Example.app/Contents/MacOS/Example</string>
				<key>COMBINE_HIDPI_IMAGES</key>
				<string>YES</string>
				<key>FRAMEWORK_SEARCH_PATHS</key>
				<string>"$(DEVELOPER_LIBRARY_DIR)/Frameworks"</string>
				<key>GCC_PRECOMPILE_PREFIX_HEADER</key>
				<string>YES</string>
				<key>GCC_PREFIX_HEADER</key>
				<string>Example/Example-Prefix.pch</string>
				<key>INFOPLIST_FILE</key>
				<string>ExampleTests/ExampleTests-Info.plist</string>
				<key>PRODUCT_NAME</key>
				<string>$(TARGET_NAME)</string>
				<key>TEST_HOST</key>
				<string>$(BUNDLE_LOADER)</string>
				<key>WRAPPER_EXTENSION</key>
				<string>octest</string>
			</dict>
			<key>isa</key>
			<string>XCBuildConfiguration</string>
			<key>name</key>
			<string>Release</string>
		</dict>
		<key>22A5DB0B179CBC7700AD6E43</key>
		<dict>
			<key>fileEncoding</key>
			<string>4</string>
			<key>isa</key>
			<string>PBXFileReference</string>
			<key>lastKnownFileType</key>
			<string>sourcecode.c.objc</string>
			<key>path</key>
			<string>NSArrayTests.m</string>
			<key>sourceTree</key>
			<string>&lt;group&gt;</string>
		</dict>
		<key>22A5DB0C179CBC7700AD6E43</key>
		<dict>
			<key>fileRef</key>
			<string>22A5DB0B179CBC7700AD6E43</string>
			<key>isa</key>
			<string>PBXBuildFile</string>
		</dict>
		<key>22A5DB1C179D1DE400AD6E43</key>
		<dict>
			<key>isa</key>
			<string>PBXFileReference</string>
			<key>lastKnownFileType</key>
			<string>sourcecode.c.h</string>
			<key>path</key>
			<string>SHFastEnumerationTests.h</string>
			<key>sourceTree</key>
			<string>&lt;group&gt;</string>
		</dict>
		<key>22A5DB1E179F19B500AD6E43</key>
		<dict>
			<key>fileEncoding</key>
			<string>4</string>
			<key>isa</key>
			<string>PBXFileReference</string>
			<key>lastKnownFileType</key>
			<string>sourcecode.c.objc</string>
			<key>path</key>
			<string>NSOrderedSetTests.m</string>
			<key>sourceTree</key>
			<string>&lt;group&gt;</string>
		</dict>
		<key>22A5DB1F179F19B500AD6E43</key>
		<dict>
			<key>fileRef</key>
			<string>22A5DB1E179F19B500AD6E43</string>
			<key>isa</key>
			<string>PBXBuildFile</string>
		</dict>
		<key>22A5DB21179F85DF00AD6E43</key>
		<dict>
			<key>fileEncoding</key>
			<string>4</string>
			<key>isa</key>
			<string>PBXFileReference</string>
			<key>lastKnownFileType</key>
			<string>sourcecode.c.objc</string>
			<key>path</key>
			<string>NSHashTableTests.m</string>
			<key>sourceTree</key>
			<string>&lt;group&gt;</string>
		</dict>
		<key>22A5DB22179F85DF00AD6E43</key>
		<dict>
			<key>fileRef</key>
			<string>22A5DB21179F85DF00AD6E43</string>
			<key>isa</key>
			<string>PBXBuildFile</string>
		</dict>
		<key>22A5DB2417A0B2D100AD6E43</key>
		<dict>
			<key>fileEncoding</key>
			<string>4</string>
			<key>isa</key>
			<string>PBXFileReference</string>
			<key>lastKnownFileType</key>
			<string>sourcecode.c.objc</string>
			<key>path</key>
			<string>NSDictionaryTests.m</string>
			<key>sourceTree</key>
			<string>&lt;group&gt;</string>
		</dict>
		<key>22A5DB2517A0B2D200AD6E43</key>
		<dict>
			<key>fileRef</key>
			<string>22A5DB2417A0B2D100AD6E43</string>
			<key>isa</key>
			<string>PBXBuildFile</string>
		</dict>
		<key>22A5DB2717A0E2EC00AD6E43</key>
		<dict>
			<key>fileEncoding</key>
			<string>4</string>
			<key>isa</key>
			<string>PBXFileReference</string>
			<key>lastKnownFileType</key>
			<string>sourcecode.c.objc</string>
			<key>path</key>
			<string>NSMapTableTests.m</string>
			<key>sourceTree</key>
			<string>&lt;group&gt;</string>
		</dict>
		<key>22A5DB2817A0E2EC00AD6E43</key>
		<dict>
			<key>fileRef</key>
			<string>22A5DB2717A0E2EC00AD6E43</string>
			<key>isa</key>
			<string>PBXBuildFile</string>
		</dict>
		<key>22A5DB2A17A0E6C500AD6E43</key>
		<dict>
			<key>fileEncoding</key>
			<string>4</string>
			<key>isa</key>
			<string>PBXFileReference</string>
			<key>lastKnownFileType</key>
			<string>sourcecode.c.objc</string>
			<key>path</key>
			<string>NSSetTests.m</string>
			<key>sourceTree</key>
			<string>&lt;group&gt;</string>
		</dict>
		<key>22A5DB2B17A0E6C500AD6E43</key>
		<dict>
			<key>fileRef</key>
			<string>22A5DB2A17A0E6C500AD6E43</string>
			<key>isa</key>
			<string>PBXBuildFile</string>
		</dict>
		<key>31338839035B47748125E9B3</key>
		<dict>
			<key>explicitFileType</key>
			<string>archive.ar</string>
			<key>includeInIndex</key>
			<string>0</string>
			<key>isa</key>
			<string>PBXFileReference</string>
			<key>path</key>
			<string>libPods.a</string>
			<key>sourceTree</key>
			<string>BUILT_PRODUCTS_DIR</string>
		</dict>
		<key>65033F20049749D1869AA6D3</key>
		<dict>
			<key>buildActionMask</key>
			<string>2147483647</string>
			<key>files</key>
			<array/>
			<key>inputPaths</key>
			<array/>
			<key>isa</key>
			<string>PBXShellScriptBuildPhase</string>
			<key>name</key>
			<string>Check Pods Manifest.lock</string>
			<key>outputPaths</key>
			<array/>
			<key>runOnlyForDeploymentPostprocessing</key>
			<string>0</string>
			<key>shellPath</key>
			<string>/bin/sh</string>
			<key>shellScript</key>
			<string>diff "${PODS_ROOT}/../Podfile.lock" "${PODS_ROOT}/Manifest.lock" &gt; /dev/null
if [[ $? != 0 ]] ; then
    cat &lt;&lt; EOM
error: The sandbox is not in sync with the Podfile.lock. Run 'pod install' or update your CocoaPods installation.
EOM
    exit 1
fi
</string>
			<key>showEnvVarsInLog</key>
			<string>0</string>
		</dict>
		<key>65A1087EFA924B27B521EC3A</key>
		<dict>
			<key>buildActionMask</key>
			<string>2147483647</string>
			<key>files</key>
			<array/>
			<key>inputPaths</key>
			<array/>
			<key>isa</key>
			<string>PBXShellScriptBuildPhase</string>
			<key>name</key>
			<string>Copy Pods Resources</string>
			<key>outputPaths</key>
			<array/>
			<key>runOnlyForDeploymentPostprocessing</key>
			<string>0</string>
			<key>shellPath</key>
			<string>/bin/sh</string>
			<key>shellScript</key>
			<string>"${SRCROOT}/Pods/Pods-resources.sh"
</string>
			<key>showEnvVarsInLog</key>
			<string>0</string>
		</dict>
		<key>7965E50B06854EAC9EBCBC01</key>
		<dict>
			<key>buildActionMask</key>
			<string>2147483647</string>
			<key>files</key>
			<array/>
			<key>inputPaths</key>
			<array/>
			<key>isa</key>
			<string>PBXShellScriptBuildPhase</string>
			<key>name</key>
			<string>Copy Pods Resources</string>
			<key>outputPaths</key>
			<array/>
			<key>runOnlyForDeploymentPostprocessing</key>
			<string>0</string>
			<key>shellPath</key>
			<string>/bin/sh</string>
			<key>shellScript</key>
			<string>"${SRCROOT}/Pods/Pods-ExampleTests-resources.sh"
</string>
			<key>showEnvVarsInLog</key>
			<string>0</string>
		</dict>
		<key>834EDB8FECAB4A5283CF40CF</key>
		<dict>
			<key>buildActionMask</key>
			<string>2147483647</string>
			<key>files</key>
			<array/>
			<key>inputPaths</key>
			<array/>
			<key>isa</key>
			<string>PBXShellScriptBuildPhase</string>
			<key>name</key>
			<string>Check Pods Manifest.lock</string>
			<key>outputPaths</key>
			<array/>
			<key>runOnlyForDeploymentPostprocessing</key>
			<string>0</string>
			<key>shellPath</key>
			<string>/bin/sh</string>
			<key>shellScript</key>
			<string>diff "${PODS_ROOT}/../Podfile.lock" "${PODS_ROOT}/Manifest.lock" &gt; /dev/null
if [[ $? != 0 ]] ; then
    cat &lt;&lt; EOM
error: The sandbox is not in sync with the Podfile.lock. Run 'pod install' or update your CocoaPods installation.
EOM
    exit 1
fi
</string>
			<key>showEnvVarsInLog</key>
			<string>0</string>
		</dict>
		<key>88FB03488322428AADE86041</key>
		<dict>
			<key>includeInIndex</key>
			<string>1</string>
			<key>isa</key>
			<string>PBXFileReference</string>
			<key>lastKnownFileType</key>
			<string>text.xcconfig</string>
			<key>name</key>
			<string>Pods-ExampleTests.xcconfig</string>
			<key>path</key>
			<string>Pods/Pods-ExampleTests.xcconfig</string>
			<key>sourceTree</key>
			<string>SOURCE_ROOT</string>
		</dict>
		<key>D147EAD64893494F82C56796</key>
		<dict>
			<key>fileRef</key>
			<string>31338839035B47748125E9B3</string>
			<key>isa</key>
			<string>PBXBuildFile</string>
		</dict>
		<key>D2050EE334C34283851216AC</key>
		<dict>
			<key>explicitFileType</key>
			<string>archive.ar</string>
			<key>includeInIndex</key>
			<string>0</string>
			<key>isa</key>
			<string>PBXFileReference</string>
			<key>path</key>
			<string>libPods-ExampleTests.a</string>
			<key>sourceTree</key>
			<string>BUILT_PRODUCTS_DIR</string>
		</dict>
		<key>D7B64FE6F42C4DAE8451792B</key>
		<dict>
			<key>includeInIndex</key>
			<string>1</string>
			<key>isa</key>
			<string>PBXFileReference</string>
			<key>lastKnownFileType</key>
			<string>text.xcconfig</string>
			<key>name</key>
			<string>Pods.xcconfig</string>
			<key>path</key>
			<string>Pods/Pods.xcconfig</string>
			<key>sourceTree</key>
			<string>SOURCE_ROOT</string>
		</dict>
	</dict>
	<key>rootObject</key>
	<string>22A5DAA21793A30800AD6E43</string>
</dict>
</plist>
